# THIS IS AN AUTOGENERATED FILE. DO NOT EDIT THIS FILE DIRECTLY.
# yarn lockfile v1


"@marvr/storyblok-rich-text-types@2.0.1":
  version "2.0.1"
  resolved "https://registry.yarnpkg.com/@marvr/storyblok-rich-text-types/-/storyblok-rich-text-types-2.0.1.tgz#068c45a1ed9112d1a10ca6b7202ed787771f5f23"
  integrity sha512-S11Aey2mpmg2qXuI2OnhKMpEoZW8OzMhuDiLg9zW5Mqlna5g8aJSmy2468feo/0qOLwAT3gpHyNScPKBTtTswQ==

"@marvr/storyblok-rich-text-vue-renderer@^2":
  version "2.0.1"
  resolved "https://registry.yarnpkg.com/@marvr/storyblok-rich-text-vue-renderer/-/storyblok-rich-text-vue-renderer-2.0.1.tgz#ff8ca1334ce1d9734a51d657b2a8000e64142ac8"
  integrity sha512-bz3IRyTAx/XoG9Myt90oEcXrZmmRjZXsTL3qlT1EGYO9P2JTr1KIz+7DNvew+Ui1a4U036TCFsCp151LjB88NQ==
  dependencies:
    "@marvr/storyblok-rich-text-types" "2.0.1"
