# THIS IS AN AUTOGENERATED FILE. DO NOT EDIT THIS FILE DIRECTLY.
# yarn lockfile v1


"@types/node@*":
  version "18.0.3"
  resolved "https://registry.yarnpkg.com/@types/node/-/node-18.0.3.tgz#463fc47f13ec0688a33aec75d078a0541a447199"
  integrity sha512-HzNRZtp4eepNitP+BD6k2L6DROIDG4Q0fm4x+dwfsr6LGmROENnok75VGw40628xf+iR24WeMFcHuuBDUAzzsQ==

canvas-renderer@~2.2.0:
  version "2.2.0"
  resolved "https://registry.yarnpkg.com/canvas-renderer/-/canvas-renderer-2.2.0.tgz#512151f5494aaac5270802fba22599785114716d"
  integrity sha512-Itdq9pwXcs4IbbkRCXc7reeGBk6i6tlDtZTjE1yc+KvYkx1Mt3WLf6tidZ/Ixbm7Vmi+jpWKG0dRBor67x9yGw==
  dependencies:
    "@types/node" "*"

emailjs-com@^3.2:
  version "3.2.0"
  resolved "https://registry.yarnpkg.com/emailjs-com/-/emailjs-com-3.2.0.tgz#a53cb22f1bc433c701c84c53d8b56eefd5ce7111"
  integrity sha512-Prbz3E1usiAwGjMNYRv6EsJ5c373cX7/AGnZQwOfrpNJrygQJ15+E9OOq4pU8yC977Z5xMetRfc3WmDX6RcjAA==

jdenticon@^3.1:
  version "3.1.1"
  resolved "https://registry.yarnpkg.com/jdenticon/-/jdenticon-3.1.1.tgz#76a5b81195d7147c635a1303adf314dd08bcd4cb"
  integrity sha512-/m0Kk5ou7tPHjW6YovCysRETqPlFcTabWG96r8NbbSsEK+eQ3jHiGULaGOtp4XBqkRxWS1XMopLRGwdhet5ezw==
  dependencies:
    canvas-renderer "~2.2.0"
